
Microsoft Visual Studio Solution File, Format Version 12.00
# Visual Studio 15
VisualStudioVersion = 15.0.27703.2042
MinimumVisualStudioVersion = 10.0.40219.1
Project("{8BC9CEB8-8B4A-11D0-8D11-00A0C91BC942}") = "정인호C++3장", "정인호C++3장.vcxproj", "{6C1DEC7A-ECCA-463F-9719-B5E0034862BC}"
EndProject
Global
	GlobalSection(SolutionConfigurationPlatforms) = preSolution
		Debug|x64 = Debug|x64
		Debug|x86 = Debug|x86
		Release|x64 = Release|x64
		Release|x86 = Release|x86
	EndGlobalSection
	GlobalSection(ProjectConfigurationPlatforms) = postSolution
		{6C1DEC7A-ECCA-463F-9719-B5E0034862BC}.Debug|x64.ActiveCfg = Debug|x64
		{6C1DEC7A-ECCA-463F-9719-B5E0034862BC}.Debug|x64.Build.0 = Debug|x64
		{6C1DEC7A-ECCA-463F-9719-B5E0034862BC}.Debug|x86.ActiveCfg = Debug|Win32
		{6C1DEC7A-ECCA-463F-9719-B5E0034862BC}.Debug|x86.Build.0 = Debug|Win32
		{6C1DEC7A-ECCA-463F-9719-B5E0034862BC}.Release|x64.ActiveCfg = Release|x64
		{6C1DEC7A-ECCA-463F-9719-B5E0034862BC}.Release|x64.Build.0 = Release|x64
		{6C1DEC7A-ECCA-463F-9719-B5E0034862BC}.Release|x86.ActiveCfg = Release|Win32
		{6C1DEC7A-ECCA-463F-9719-B5E0034862BC}.Release|x86.Build.0 = Release|Win32
	EndGlobalSection
	GlobalSection(SolutionProperties) = preSolution
		HideSolutionNode = FALSE
	EndGlobalSection
	GlobalSection(ExtensibilityGlobals) = postSolution
		SolutionGuid = {221B4B37-3C93-4968-A3B6-EE71B3055FC7}
	EndGlobalSection
EndGlobal
